// !$*UTF8*$!
{
	archiveVersion = 1;
	classes = {
	};
	objectVersion = 46;
	objects = {

/* Begin PBXBuildFile section */
		6C0548F81A6073C00060A521 /* AppDelegate.swift in Sources */ = {isa = PBXBuildFile; fileRef = 6C0548F71A6073C00060A521 /* AppDelegate.swift */; };
		6C0548FA1A6073C00060A521 /* ViewController.swift in Sources */ = {isa = PBXBuildFile; fileRef = 6C0548F91A6073C00060A521 /* ViewController.swift */; };
		6C0548FD1A6073C00060A521 /* Main.storyboard in Resources */ = {isa = PBXBuildFile; fileRef = 6C0548FB1A6073C00060A521 /* Main.storyboard */; };
		6C0548FF1A6073C00060A521 /* Images.xcassets in Resources */ = {isa = PBXBuildFile; fileRef = 6C0548FE1A6073C00060A521 /* Images.xcassets */; };
		6C0549021A6073C00060A521 /* LaunchScreen.xib in Resources */ = {isa = PBXBuildFile; fileRef = 6C0549001A6073C00060A521 /* LaunchScreen.xib */; };
		6C05490E1A6073C00060A521 /* GuessTheFlagTests.swift in Sources */ = {isa = PBXBuildFile; fileRef = 6C05490D1A6073C00060A521 /* GuessTheFlagTests.swift */; };
		6C0549181A607F860060A521 /* Array+Shuffling.swift in Sources */ = {isa = PBXBuildFile; fileRef = 6C0549171A607F860060A521 /* Array+Shuffling.swift */; };
/* End PBXBuildFile section */

/* Begin PBXContainerItemProxy section */
		6C0549081A6073C00060A521 /* PBXContainerItemProxy */ = {
			isa = PBXContainerItemProxy;
			containerPortal = 6C0548EA1A6073BF0060A521 /* Project object */;
			proxyType = 1;
			remoteGlobalIDString = 6C0548F11A6073C00060A521;
			remoteInfo = GuessTheFlag;
		};
/* End PBXContainerItemProxy section */

/* Begin PBXFileReference section */
		6C0548F21A6073C00060A521 /* GuessTheFlag.app */ = {isa = PBXFileReference; explicitFileType = wrapper.application; includeInIndex = 0; name = GuessTheFlag.app; path = Flags.app; sourceTree = BUILT_PRODUCTS_DIR; };
		6C0548F61A6073C00060A521 /* Info.plist */ = {isa = PBXFileReference; lastKnownFileType = text.plist.xml; path = Info.plist; sourceTree = "<group>"; };
		6C0548F71A6073C00060A521 /* AppDelegate.swift */ = {isa = PBXFileReference; lastKnownFileType = sourcecode.swift; path = AppDelegate.swift; sourceTree = "<group>"; };
		6C0548F91A6073C00060A521 /* ViewController.swift */ = {isa = PBXFileReference; lastKnownFileType = sourcecode.swift; path = ViewController.swift; sourceTree = "<group>"; };
		6C0548FC1A6073C00060A521 /* Base */ = {isa = PBXFileReference; lastKnownFileType = file.storyboard; name = Base; path = Base.lproj/Main.storyboard; sourceTree = "<group>"; };
		6C0548FE1A6073C00060A521 /* Images.xcassets */ = {isa = PBXFileReference; lastKnownFileType = folder.assetcatalog; path = Images.xcassets; sourceTree = "<group>"; };
		6C0549011A6073C00060A521 /* Base */ = {isa = PBXFileReference; lastKnownFileType = file.xib; name = Base; path = Base.lproj/LaunchScreen.xib; sourceTree = "<group>"; };
		6C0549071A6073C00060A521 /* GuessTheFlagTests.xctest */ = {isa = PBXFileReference; explicitFileType = wrapper.cfbundle; includeInIndex = 0; path = GuessTheFlagTests.xctest; sourceTree = BUILT_PRODUCTS_DIR; };
		6C05490C1A6073C00060A521 /* Info.plist */ = {isa = PBXFileReference; lastKnownFileType = text.plist.xml; path = Info.plist; sourceTree = "<group>"; };
		6C05490D1A6073C00060A521 /* GuessTheFlagTests.swift */ = {isa = PBXFileReference; lastKnownFileType = sourcecode.swift; path = GuessTheFlagTests.swift; sourceTree = "<group>"; };
		6C0549171A607F860060A521 /* Array+Shuffling.swift */ = {isa = PBXFileReference; fileEncoding = 4; lastKnownFileType = sourcecode.swift; path = "Array+Shuffling.swift"; sourceTree = "<group>"; };
/* End PBXFileReference section */

/* Begin PBXFrameworksBuildPhase section */
		6C0548EF1A6073C00060A521 /* Frameworks */ = {
			isa = PBXFrameworksBuildPhase;
			buildActionMask = 2147483647;
			files = (
			);
			runOnlyForDeploymentPostprocessing = 0;
		};
		6C0549041A6073C00060A521 /* Frameworks */ = {
			isa = PBXFrameworksBuildPhase;
			buildActionMask = 2147483647;
			files = (
			);
			runOnlyForDeploymentPostprocessing = 0;
		};
/* End PBXFrameworksBuildPhase section */

/* Begin PBXGroup section */
		6C0548E91A6073BF0060A521 = {
			isa = PBXGroup;
			children = (
				6C0548F41A6073C00060A521 /* GuessTheFlag */,
				6C05490A1A6073C00060A521 /* GuessTheFlagTests */,
				6C0548F31A6073C00060A521 /* Products */,
			);
			sourceTree = "<group>";
		};
		6C0548F31A6073C00060A521 /* Products */ = {
			isa = PBXGroup;
			children = (
				6C0548F21A6073C00060A521 /* GuessTheFlag.app */,
				6C0549071A6073C00060A521 /* GuessTheFlagTests.xctest */,
			);
			name = Products;
			sourceTree = "<group>";
		};
		6C0548F41A6073C00060A521 /* GuessTheFlag */ = {
			isa = PBXGroup;
			children = (
				6C0548F71A6073C00060A521 /* AppDelegate.swift */,
				6C0548F91A6073C00060A521 /* ViewController.swift */,
				6C0548FB1A6073C00060A521 /* Main.storyboard */,
				6C0549171A607F860060A521 /* Array+Shuffling.swift */,
				6C0548FE1A6073C00060A521 /* Images.xcassets */,
				6C0549001A6073C00060A521 /* LaunchScreen.xib */,
				6C0548F51A6073C00060A521 /* Supporting Files */,
			);
			path = GuessTheFlag;
			sourceTree = "<group>";
		};
		6C0548F51A6073C00060A521 /* Supporting Files */ = {
			isa = PBXGroup;
			children = (
				6C0548F61A6073C00060A521 /* Info.plist */,
			);
			name = "Supporting Files";
			sourceTree = "<group>";
		};
		6C05490A1A6073C00060A521 /* GuessTheFlagTests */ = {
			isa = PBXGroup;
			children = (
				6C05490D1A6073C00060A521 /* GuessTheFlagTests.swift */,
				6C05490B1A6073C00060A521 /* Supporting Files */,
			);
			path = GuessTheFlagTests;
			sourceTree = "<group>";
		};
		6C05490B1A6073C00060A521 /* Supporting Files */ = {
			isa = PBXGroup;
			children = (
				6C05490C1A6073C00060A521 /* Info.plist */,
			);
			name = "Supporting Files";
			sourceTree = "<group>";
		};
/* End PBXGroup section */

/* Begin PBXNativeTarget section */
		6C0548F11A6073C00060A521 /* Flags */ = {
			isa = PBXNativeTarget;
			buildConfigurationList = 6C0549111A6073C00060A521 /* Build configuration list for PBXNativeTarget "Flags" */;
			buildPhases = (
				6C0548EE1A6073C00060A521 /* Sources */,
				6C0548EF1A6073C00060A521 /* Frameworks */,
				6C0548F01A6073C00060A521 /* Resources */,
			);
			buildRules = (
			);
			dependencies = (
			);
			name = Flags;
			productName = GuessTheFlag;
			productReference = 6C0548F21A6073C00060A521 /* GuessTheFlag.app */;
			productType = "com.apple.product-type.application";
		};
		6C0549061A6073C00060A521 /* GuessTheFlagTests */ = {
			isa = PBXNativeTarget;
			buildConfigurationList = 6C0549141A6073C00060A521 /* Build configuration list for PBXNativeTarget "GuessTheFlagTests" */;
			buildPhases = (
				6C0549031A6073C00060A521 /* Sources */,
				6C0549041A6073C00060A521 /* Frameworks */,
				6C0549051A6073C00060A521 /* Resources */,
			);
			buildRules = (
			);
			dependencies = (
				6C0549091A6073C00060A521 /* PBXTargetDependency */,
			);
			name = GuessTheFlagTests;
			productName = GuessTheFlagTests;
			productReference = 6C0549071A6073C00060A521 /* GuessTheFlagTests.xctest */;
			productType = "com.apple.product-type.bundle.unit-test";
		};
/* End PBXNativeTarget section */

/* Begin PBXProject section */
		6C0548EA1A6073BF0060A521 /* Project object */ = {
			isa = PBXProject;
			attributes = {
				LastUpgradeCheck = 0610;
				ORGANIZATIONNAME = ddApps;
				TargetAttributes = {
					6C0548F11A6073C00060A521 = {
						CreatedOnToolsVersion = 6.1;
					};
					6C0549061A6073C00060A521 = {
						CreatedOnToolsVersion = 6.1;
						TestTargetID = 6C0548F11A6073C00060A521;
					};
				};
			};
			buildConfigurationList = 6C0548ED1A6073BF0060A521 /* Build configuration list for PBXProject "GuessTheFlag" */;
			compatibilityVersion = "Xcode 3.2";
			developmentRegion = English;
			hasScannedForEncodings = 0;
			knownRegions = (
				en,
				Base,
			);
			mainGroup = 6C0548E91A6073BF0060A521;
			productRefGroup = 6C0548F31A6073C00060A521 /* Products */;
			projectDirPath = "";
			projectRoot = "";
			targets = (
				6C0548F11A6073C00060A521 /* Flags */,
				6C0549061A6073C00060A521 /* GuessTheFlagTests */,
			);
		};
/* End PBXProject section */

/* Begin PBXResourcesBuildPhase section */
		6C0548F01A6073C00060A521 /* Resources */ = {
			isa = PBXResourcesBuildPhase;
			buildActionMask = 2147483647;
			files = (
				6C0548FD1A6073C00060A521 /* Main.storyboard in Resources */,
				6C0549021A6073C00060A521 /* LaunchScreen.xib in Resources */,
				6C0548FF1A6073C00060A521 /* Images.xcassets in Resources */,
			);
			runOnlyForDeploymentPostprocessing = 0;
		};
		6C0549051A6073C00060A521 /* Resources */ = {
			isa = PBXResourcesBuildPhase;
			buildActionMask = 2147483647;
			files = (
			);
			runOnlyForDeploymentPostprocessing = 0;
		};
/* End PBXResourcesBuildPhase section */

/* Begin PBXSourcesBuildPhase section */
		6C0548EE1A6073C00060A521 /* Sources */ = {
			isa = PBXSourcesBuildPhase;
			buildActionMask = 2147483647;
			files = (
				6C0548FA1A6073C00060A521 /* ViewController.swift in Sources */,
				6C0548F81A6073C00060A521 /* AppDelegate.swift in Sources */,
				6C0549181A607F860060A521 /* Array+Shuffling.swift in Sources */,
			);
			runOnlyForDeploymentPostprocessing = 0;
		};
		6C0549031A6073C00060A521 /* Sources */ = {
			isa = PBXSourcesBuildPhase;
			buildActionMask = 2147483647;
			files = (
				6C05490E1A6073C00060A521 /* GuessTheFlagTests.swift in Sources */,
			);
			runOnlyForDeploymentPostprocessing = 0;
		};
/* End PBXSourcesBuildPhase section */

/* Begin PBXTargetDependency section */
		6C0549091A6073C00060A521 /* PBXTargetDependency */ = {
			isa = PBXTargetDependency;
			target = 6C0548F11A6073C00060A521 /* Flags */;
			targetProxy = 6C0549081A6073C00060A521 /* PBXContainerItemProxy */;
		};
/* End PBXTargetDependency section */

/* Begin PBXVariantGroup section */
		6C0548FB1A6073C00060A521 /* Main.storyboard */ = {
			isa = PBXVariantGroup;
			children = (
				6C0548FC1A6073C00060A521 /* Base */,
			);
			name = Main.storyboard;
			sourceTree = "<group>";
		};
		6C0549001A6073C00060A521 /* LaunchScreen.xib */ = {
			isa = PBXVariantGroup;
			children = (
				6C0549011A6073C00060A521 /* Base */,
			);
			name = LaunchScreen.xib;
			sourceTree = "<group>";
		};
/* End PBXVariantGroup section */

/* Begin XCBuildConfiguration section */
		6C05490F1A6073C00060A521 /* Debug */ = {
			isa = XCBuildConfiguration;
			buildSettings = {
				ALWAYS_SEARCH_USER_PATHS = NO;
				CLANG_CXX_LANGUAGE_STANDARD = "gnu++0x";
				CLANG_CXX_LIBRARY = "libc++";
				CLANG_ENABLE_MODULES = YES;
				CLANG_ENABLE_OBJC_ARC = YES;
				CLANG_WARN_BOOL_CONVERSION = YES;
				CLANG_WARN_CONSTANT_CONVERSION = YES;
				CLANG_WARN_DIRECT_OBJC_ISA_USAGE = YES_ERROR;
				CLANG_WARN_EMPTY_BODY = YES;
				CLANG_WARN_ENUM_CONVERSION = YES;
				CLANG_WARN_INT_CONVERSION = YES;
				CLANG_WARN_OBJC_ROOT_CLASS = YES_ERROR;
				CLANG_WARN_UNREACHABLE_CODE = YES;
				CLANG_WARN__DUPLICATE_METHOD_MATCH = YES;
				"CODE_SIGN_IDENTITY[sdk=iphoneos*]" = "iPhone Developer";
				COPY_PHASE_STRIP = NO;
				ENABLE_STRICT_OBJC_MSGSEND = YES;
				GCC_C_LANGUAGE_STANDARD = gnu99;
				GCC_DYNAMIC_NO_PIC = NO;
				GCC_OPTIMIZATION_LEVEL = 0;
				GCC_PREPROCESSOR_DEFINITIONS = (
					"DEBUG=1",
					"$(inherited)",
				);
				GCC_SYMBOLS_PRIVATE_EXTERN = NO;
				GCC_WARN_64_TO_32_BIT_CONVERSION = YES;
				GCC_WARN_ABOUT_RETURN_TYPE = YES_ERROR;
				GCC_WARN_UNDECLARED_SELECTOR = YES;
				GCC_WARN_UNINITIALIZED_AUTOS = YES_AGGRESSIVE;
				GCC_WARN_UNUSED_FUNCTION = YES;
				GCC_WARN_UNUSED_VARIABLE = YES;
				IPHONEOS_DEPLOYMENT_TARGET = 8.1;
				MTL_ENABLE_DEBUG_INFO = YES;
				ONLY_ACTIVE_ARCH = YES;
				SDKROOT = iphoneos;
				SWIFT_OPTIMIZATION_LEVEL = "-Onone";
			};
			name = Debug;
		};
		6C0549101A6073C00060A521 /* Release */ = {
			isa = XCBuildConfiguration;
			buildSettings = {
				ALWAYS_SEARCH_USER_PATHS = NO;
				CLANG_CXX_LANGUAGE_STANDARD = "gnu++0x";
				CLANG_CXX_LIBRARY = "libc++";
				CLANG_ENABLE_MODULES = YES;
				CLANG_ENABLE_OBJC_ARC = YES;
				CLANG_WARN_BOOL_CONVERSION = YES;
				CLANG_WARN_CONSTANT_CONVERSION = YES;
				CLANG_WARN_DIRECT_OBJC_ISA_USAGE = YES_ERROR;
				CLANG_WARN_EMPTY_BODY = YES;
				CLANG_WARN_ENUM_CONVERSION = YES;
				CLANG_WARN_INT_CONVERSION = YES;
				CLANG_WARN_OBJC_ROOT_CLASS = YES_ERROR;
				CLANG_WARN_UNREACHABLE_CODE = YES;
				CLANG_WARN__DUPLICATE_METHOD_MATCH = YES;
				"CODE_SIGN_IDENTITY[sdk=iphoneos*]" = "iPhone Developer";
				COPY_PHASE_STRIP = YES;
				ENABLE_NS_ASSERTIONS = NO;
				ENABLE_STRICT_OBJC_MSGSEND = YES;
				GCC_C_LANGUAGE_STANDARD = gnu99;
				GCC_OPTIMIZATION_LEVEL = 0;
				GCC_WARN_64_TO_32_BIT_CONVERSION = YES;
				GCC_WARN_ABOUT_RETURN_TYPE = YES_ERROR;
				GCC_WARN_UNDECLARED_SELECTOR = YES;
				GCC_WARN_UNINITIALIZED_AUTOS = YES_AGGRESSIVE;
				GCC_WARN_UNUSED_FUNCTION = YES;
				GCC_WARN_UNUSED_VARIABLE = YES;
				IPHONEOS_DEPLOYMENT_TARGET = 8.1;
				MTL_ENABLE_DEBUG_INFO = NO;
				SDKROOT = iphoneos;
				VALIDATE_PRODUCT = YES;
			};
			name = Release;
		};
		6C0549121A6073C00060A521 /* Debug */ = {
			isa = XCBuildConfiguration;
			buildSettings = {
				ASSETCATALOG_COMPILER_APPICON_NAME = AppIcon;
				INFOPLIST_FILE = GuessTheFlag/Info.plist;
				LD_RUNPATH_SEARCH_PATHS = "$(inherited) @executable_path/Frameworks";
				PRODUCT_NAME = "$(TARGET_NAME)";
			};
			name = Debug;
		};
		6C0549131A6073C00060A521 /* Release */ = {
			isa = XCBuildConfiguration;
			buildSettings = {
				ASSETCATALOG_COMPILER_APPICON_NAME = AppIcon;
				INFOPLIST_FILE = GuessTheFlag/Info.plist;
				LD_RUNPATH_SEARCH_PATHS = "$(inherited) @executable_path/Frameworks";
				PRODUCT_NAME = "$(TARGET_NAME)";
			};
			name = Release;
		};
		6C0549151A6073C00060A521 /* Debug */ = {
			isa = XCBuildConfiguration;
			buildSettings = {
				BUNDLE_LOADER = "$(TEST_HOST)";
				FRAMEWORK_SEARCH_PATHS = (
					"$(SDKROOT)/Developer/Library/Frameworks",
					"$(inherited)",
				);
				GCC_PREPROCESSOR_DEFINITIONS = (
					"DEBUG=1",
					"$(inherited)",
				);
				INFOPLIST_FILE = GuessTheFlagTests/Info.plist;
				LD_RUNPATH_SEARCH_PATHS = "$(inherited) @executable_path/Frameworks @loader_path/Frameworks";
				PRODUCT_NAME = "$(TARGET_NAME)";
				TEST_HOST = "$(BUILT_PRODUCTS_DIR)/GuessTheFlag.app/GuessTheFlag";
			};
			name = Debug;
		};
		6C0549161A6073C00060A521 /* Release */ = {
			isa = XCBuildConfiguration;
			buildSettings = {
				BUNDLE_LOADER = "$(TEST_HOST)";
				FRAMEWORK_SEARCH_PATHS = (
					"$(SDKROOT)/Developer/Library/Frameworks",
					"$(inherited)",
				);
				INFOPLIST_FILE = GuessTheFlagTests/Info.plist;
				LD_RUNPATH_SEARCH_PATHS = "$(inherited) @executable_path/Frameworks @loader_path/Frameworks";
				PRODUCT_NAME = "$(TARGET_NAME)";
				TEST_HOST = "$(BUILT_PRODUCTS_DIR)/GuessTheFlag.app/GuessTheFlag";
			};
			name = Release;
		};
/* End XCBuildConfiguration section */

/* Begin XCConfigurationList section */
		6C0548ED1A6073BF0060A521 /* Build configuration list for PBXProject "GuessTheFlag" */ = {
			isa = XCConfigurationList;
			buildConfigurations = (
				6C05490F1A6073C00060A521 /* Debug */,
				6C0549101A6073C00060A521 /* Release */,
			);
			defaultConfigurationIsVisible = 0;
			defaultConfigurationName = Release;
		};
		6C0549111A6073C00060A521 /* Build configuration list for PBXNativeTarget "Flags" */ = {
			isa = XCConfigurationList;
			buildConfigurations = (
				6C0549121A6073C00060A521 /* Debug */,
				6C0549131A6073C00060A521 /* Release */,
			);
			defaultConfigurationIsVisible = 0;
			defaultConfigurationName = Release;
		};
		6C0549141A6073C00060A521 /* Build configuration list for PBXNativeTarget "GuessTheFlagTests" */ = {
			isa = XCConfigurationList;
			buildConfigurations = (
				6C0549151A6073C00060A521 /* Debug */,
				6C0549161A6073C00060A521 /* Release */,
			);
			defaultConfigurationIsVisible = 0;
			defaultConfigurationName = Release;
		};
/* End XCConfigurationList section */
	};
	rootObject = 6C0548EA1A6073BF0060A521 /* Project object */;
}
