// !$*UTF8*$!
{
	archiveVersion = 1;
	classes = {
	};
	objectVersion = 46;
	objects = {

/* Begin PBXBuildFile section */
		6C3964201A6F2939009CE15A /* AppDelegate.swift in Sources */ = {isa = PBXBuildFile; fileRef = 6C39641F1A6F2939009CE15A /* AppDelegate.swift */; };
		6C3964221A6F2939009CE15A /* ViewController.swift in Sources */ = {isa = PBXBuildFile; fileRef = 6C3964211A6F2939009CE15A /* ViewController.swift */; };
		6C3964251A6F2939009CE15A /* Main.storyboard in Resources */ = {isa = PBXBuildFile; fileRef = 6C3964231A6F2939009CE15A /* Main.storyboard */; };
		6C3964271A6F2939009CE15A /* Images.xcassets in Resources */ = {isa = PBXBuildFile; fileRef = 6C3964261A6F2939009CE15A /* Images.xcassets */; };
		6C39642A1A6F2939009CE15A /* LaunchScreen.xib in Resources */ = {isa = PBXBuildFile; fileRef = 6C3964281A6F2939009CE15A /* LaunchScreen.xib */; };
		6C3964361A6F2939009CE15A /* NamesToFacesTests.swift in Sources */ = {isa = PBXBuildFile; fileRef = 6C3964351A6F2939009CE15A /* NamesToFacesTests.swift */; };
		6CA4252E1A704A7200372FC6 /* PersonCell.swift in Sources */ = {isa = PBXBuildFile; fileRef = 6CA4252D1A704A7200372FC6 /* PersonCell.swift */; };
		6CA425301A70580C00372FC6 /* Person.swift in Sources */ = {isa = PBXBuildFile; fileRef = 6CA4252F1A70580C00372FC6 /* Person.swift */; };
/* End PBXBuildFile section */

/* Begin PBXContainerItemProxy section */
		6C3964301A6F2939009CE15A /* PBXContainerItemProxy */ = {
			isa = PBXContainerItemProxy;
			containerPortal = 6C3964121A6F2939009CE15A /* Project object */;
			proxyType = 1;
			remoteGlobalIDString = 6C3964191A6F2939009CE15A;
			remoteInfo = NamesToFaces;
		};
/* End PBXContainerItemProxy section */

/* Begin PBXFileReference section */
		6C39641A1A6F2939009CE15A /* NamesToFaces.app */ = {isa = PBXFileReference; explicitFileType = wrapper.application; includeInIndex = 0; path = NamesToFaces.app; sourceTree = BUILT_PRODUCTS_DIR; };
		6C39641E1A6F2939009CE15A /* Info.plist */ = {isa = PBXFileReference; lastKnownFileType = text.plist.xml; path = Info.plist; sourceTree = "<group>"; };
		6C39641F1A6F2939009CE15A /* AppDelegate.swift */ = {isa = PBXFileReference; lastKnownFileType = sourcecode.swift; path = AppDelegate.swift; sourceTree = "<group>"; };
		6C3964211A6F2939009CE15A /* ViewController.swift */ = {isa = PBXFileReference; lastKnownFileType = sourcecode.swift; path = ViewController.swift; sourceTree = "<group>"; };
		6C3964241A6F2939009CE15A /* Base */ = {isa = PBXFileReference; lastKnownFileType = file.storyboard; name = Base; path = Base.lproj/Main.storyboard; sourceTree = "<group>"; };
		6C3964261A6F2939009CE15A /* Images.xcassets */ = {isa = PBXFileReference; lastKnownFileType = folder.assetcatalog; path = Images.xcassets; sourceTree = "<group>"; };
		6C3964291A6F2939009CE15A /* Base */ = {isa = PBXFileReference; lastKnownFileType = file.xib; name = Base; path = Base.lproj/LaunchScreen.xib; sourceTree = "<group>"; };
		6C39642F1A6F2939009CE15A /* NamesToFacesTests.xctest */ = {isa = PBXFileReference; explicitFileType = wrapper.cfbundle; includeInIndex = 0; path = NamesToFacesTests.xctest; sourceTree = BUILT_PRODUCTS_DIR; };
		6C3964341A6F2939009CE15A /* Info.plist */ = {isa = PBXFileReference; lastKnownFileType = text.plist.xml; path = Info.plist; sourceTree = "<group>"; };
		6C3964351A6F2939009CE15A /* NamesToFacesTests.swift */ = {isa = PBXFileReference; lastKnownFileType = sourcecode.swift; path = NamesToFacesTests.swift; sourceTree = "<group>"; };
		6CA4252D1A704A7200372FC6 /* PersonCell.swift */ = {isa = PBXFileReference; fileEncoding = 4; lastKnownFileType = sourcecode.swift; path = PersonCell.swift; sourceTree = "<group>"; };
		6CA4252F1A70580C00372FC6 /* Person.swift */ = {isa = PBXFileReference; fileEncoding = 4; lastKnownFileType = sourcecode.swift; path = Person.swift; sourceTree = "<group>"; };
/* End PBXFileReference section */

/* Begin PBXFrameworksBuildPhase section */
		6C3964171A6F2939009CE15A /* Frameworks */ = {
			isa = PBXFrameworksBuildPhase;
			buildActionMask = 2147483647;
			files = (
			);
			runOnlyForDeploymentPostprocessing = 0;
		};
		6C39642C1A6F2939009CE15A /* Frameworks */ = {
			isa = PBXFrameworksBuildPhase;
			buildActionMask = 2147483647;
			files = (
			);
			runOnlyForDeploymentPostprocessing = 0;
		};
/* End PBXFrameworksBuildPhase section */

/* Begin PBXGroup section */
		6C3964111A6F2939009CE15A = {
			isa = PBXGroup;
			children = (
				6C39641C1A6F2939009CE15A /* NamesToFaces */,
				6C3964321A6F2939009CE15A /* NamesToFacesTests */,
				6C39641B1A6F2939009CE15A /* Products */,
			);
			sourceTree = "<group>";
		};
		6C39641B1A6F2939009CE15A /* Products */ = {
			isa = PBXGroup;
			children = (
				6C39641A1A6F2939009CE15A /* NamesToFaces.app */,
				6C39642F1A6F2939009CE15A /* NamesToFacesTests.xctest */,
			);
			name = Products;
			sourceTree = "<group>";
		};
		6C39641C1A6F2939009CE15A /* NamesToFaces */ = {
			isa = PBXGroup;
			children = (
				6C39641F1A6F2939009CE15A /* AppDelegate.swift */,
				6C3964211A6F2939009CE15A /* ViewController.swift */,
				6CA4252D1A704A7200372FC6 /* PersonCell.swift */,
				6CA4252F1A70580C00372FC6 /* Person.swift */,
				6C3964231A6F2939009CE15A /* Main.storyboard */,
				6C3964261A6F2939009CE15A /* Images.xcassets */,
				6C3964281A6F2939009CE15A /* LaunchScreen.xib */,
				6C39641D1A6F2939009CE15A /* Supporting Files */,
			);
			path = NamesToFaces;
			sourceTree = "<group>";
		};
		6C39641D1A6F2939009CE15A /* Supporting Files */ = {
			isa = PBXGroup;
			children = (
				6C39641E1A6F2939009CE15A /* Info.plist */,
			);
			name = "Supporting Files";
			sourceTree = "<group>";
		};
		6C3964321A6F2939009CE15A /* NamesToFacesTests */ = {
			isa = PBXGroup;
			children = (
				6C3964351A6F2939009CE15A /* NamesToFacesTests.swift */,
				6C3964331A6F2939009CE15A /* Supporting Files */,
			);
			path = NamesToFacesTests;
			sourceTree = "<group>";
		};
		6C3964331A6F2939009CE15A /* Supporting Files */ = {
			isa = PBXGroup;
			children = (
				6C3964341A6F2939009CE15A /* Info.plist */,
			);
			name = "Supporting Files";
			sourceTree = "<group>";
		};
/* End PBXGroup section */

/* Begin PBXNativeTarget section */
		6C3964191A6F2939009CE15A /* NamesToFaces */ = {
			isa = PBXNativeTarget;
			buildConfigurationList = 6C3964391A6F2939009CE15A /* Build configuration list for PBXNativeTarget "NamesToFaces" */;
			buildPhases = (
				6C3964161A6F2939009CE15A /* Sources */,
				6C3964171A6F2939009CE15A /* Frameworks */,
				6C3964181A6F2939009CE15A /* Resources */,
			);
			buildRules = (
			);
			dependencies = (
			);
			name = NamesToFaces;
			productName = NamesToFaces;
			productReference = 6C39641A1A6F2939009CE15A /* NamesToFaces.app */;
			productType = "com.apple.product-type.application";
		};
		6C39642E1A6F2939009CE15A /* NamesToFacesTests */ = {
			isa = PBXNativeTarget;
			buildConfigurationList = 6C39643C1A6F2939009CE15A /* Build configuration list for PBXNativeTarget "NamesToFacesTests" */;
			buildPhases = (
				6C39642B1A6F2939009CE15A /* Sources */,
				6C39642C1A6F2939009CE15A /* Frameworks */,
				6C39642D1A6F2939009CE15A /* Resources */,
			);
			buildRules = (
			);
			dependencies = (
				6C3964311A6F2939009CE15A /* PBXTargetDependency */,
			);
			name = NamesToFacesTests;
			productName = NamesToFacesTests;
			productReference = 6C39642F1A6F2939009CE15A /* NamesToFacesTests.xctest */;
			productType = "com.apple.product-type.bundle.unit-test";
		};
/* End PBXNativeTarget section */

/* Begin PBXProject section */
		6C3964121A6F2939009CE15A /* Project object */ = {
			isa = PBXProject;
			attributes = {
				LastUpgradeCheck = 0610;
				ORGANIZATIONNAME = ddApps;
				TargetAttributes = {
					6C3964191A6F2939009CE15A = {
						CreatedOnToolsVersion = 6.1.1;
					};
					6C39642E1A6F2939009CE15A = {
						CreatedOnToolsVersion = 6.1.1;
						TestTargetID = 6C3964191A6F2939009CE15A;
					};
				};
			};
			buildConfigurationList = 6C3964151A6F2939009CE15A /* Build configuration list for PBXProject "NamesToFaces" */;
			compatibilityVersion = "Xcode 3.2";
			developmentRegion = English;
			hasScannedForEncodings = 0;
			knownRegions = (
				en,
				Base,
			);
			mainGroup = 6C3964111A6F2939009CE15A;
			productRefGroup = 6C39641B1A6F2939009CE15A /* Products */;
			projectDirPath = "";
			projectRoot = "";
			targets = (
				6C3964191A6F2939009CE15A /* NamesToFaces */,
				6C39642E1A6F2939009CE15A /* NamesToFacesTests */,
			);
		};
/* End PBXProject section */

/* Begin PBXResourcesBuildPhase section */
		6C3964181A6F2939009CE15A /* Resources */ = {
			isa = PBXResourcesBuildPhase;
			buildActionMask = 2147483647;
			files = (
				6C3964251A6F2939009CE15A /* Main.storyboard in Resources */,
				6C39642A1A6F2939009CE15A /* LaunchScreen.xib in Resources */,
				6C3964271A6F2939009CE15A /* Images.xcassets in Resources */,
			);
			runOnlyForDeploymentPostprocessing = 0;
		};
		6C39642D1A6F2939009CE15A /* Resources */ = {
			isa = PBXResourcesBuildPhase;
			buildActionMask = 2147483647;
			files = (
			);
			runOnlyForDeploymentPostprocessing = 0;
		};
/* End PBXResourcesBuildPhase section */

/* Begin PBXSourcesBuildPhase section */
		6C3964161A6F2939009CE15A /* Sources */ = {
			isa = PBXSourcesBuildPhase;
			buildActionMask = 2147483647;
			files = (
				6CA4252E1A704A7200372FC6 /* PersonCell.swift in Sources */,
				6C3964221A6F2939009CE15A /* ViewController.swift in Sources */,
				6CA425301A70580C00372FC6 /* Person.swift in Sources */,
				6C3964201A6F2939009CE15A /* AppDelegate.swift in Sources */,
			);
			runOnlyForDeploymentPostprocessing = 0;
		};
		6C39642B1A6F2939009CE15A /* Sources */ = {
			isa = PBXSourcesBuildPhase;
			buildActionMask = 2147483647;
			files = (
				6C3964361A6F2939009CE15A /* NamesToFacesTests.swift in Sources */,
			);
			runOnlyForDeploymentPostprocessing = 0;
		};
/* End PBXSourcesBuildPhase section */

/* Begin PBXTargetDependency section */
		6C3964311A6F2939009CE15A /* PBXTargetDependency */ = {
			isa = PBXTargetDependency;
			target = 6C3964191A6F2939009CE15A /* NamesToFaces */;
			targetProxy = 6C3964301A6F2939009CE15A /* PBXContainerItemProxy */;
		};
/* End PBXTargetDependency section */

/* Begin PBXVariantGroup section */
		6C3964231A6F2939009CE15A /* Main.storyboard */ = {
			isa = PBXVariantGroup;
			children = (
				6C3964241A6F2939009CE15A /* Base */,
			);
			name = Main.storyboard;
			sourceTree = "<group>";
		};
		6C3964281A6F2939009CE15A /* LaunchScreen.xib */ = {
			isa = PBXVariantGroup;
			children = (
				6C3964291A6F2939009CE15A /* Base */,
			);
			name = LaunchScreen.xib;
			sourceTree = "<group>";
		};
/* End PBXVariantGroup section */

/* Begin XCBuildConfiguration section */
		6C3964371A6F2939009CE15A /* Debug */ = {
			isa = XCBuildConfiguration;
			buildSettings = {
				ALWAYS_SEARCH_USER_PATHS = NO;
				CLANG_CXX_LANGUAGE_STANDARD = "gnu++0x";
				CLANG_CXX_LIBRARY = "libc++";
				CLANG_ENABLE_MODULES = YES;
				CLANG_ENABLE_OBJC_ARC = YES;
				CLANG_WARN_BOOL_CONVERSION = YES;
				CLANG_WARN_CONSTANT_CONVERSION = YES;
				CLANG_WARN_DIRECT_OBJC_ISA_USAGE = YES_ERROR;
				CLANG_WARN_EMPTY_BODY = YES;
				CLANG_WARN_ENUM_CONVERSION = YES;
				CLANG_WARN_INT_CONVERSION = YES;
				CLANG_WARN_OBJC_ROOT_CLASS = YES_ERROR;
				CLANG_WARN_UNREACHABLE_CODE = YES;
				CLANG_WARN__DUPLICATE_METHOD_MATCH = YES;
				"CODE_SIGN_IDENTITY[sdk=iphoneos*]" = "iPhone Developer";
				COPY_PHASE_STRIP = NO;
				ENABLE_STRICT_OBJC_MSGSEND = YES;
				GCC_C_LANGUAGE_STANDARD = gnu99;
				GCC_DYNAMIC_NO_PIC = NO;
				GCC_OPTIMIZATION_LEVEL = 0;
				GCC_PREPROCESSOR_DEFINITIONS = (
					"DEBUG=1",
					"$(inherited)",
				);
				GCC_SYMBOLS_PRIVATE_EXTERN = NO;
				GCC_WARN_64_TO_32_BIT_CONVERSION = YES;
				GCC_WARN_ABOUT_RETURN_TYPE = YES_ERROR;
				GCC_WARN_UNDECLARED_SELECTOR = YES;
				GCC_WARN_UNINITIALIZED_AUTOS = YES_AGGRESSIVE;
				GCC_WARN_UNUSED_FUNCTION = YES;
				GCC_WARN_UNUSED_VARIABLE = YES;
				IPHONEOS_DEPLOYMENT_TARGET = 8.1;
				MTL_ENABLE_DEBUG_INFO = YES;
				ONLY_ACTIVE_ARCH = YES;
				SDKROOT = iphoneos;
				SWIFT_OPTIMIZATION_LEVEL = "-Onone";
			};
			name = Debug;
		};
		6C3964381A6F2939009CE15A /* Release */ = {
			isa = XCBuildConfiguration;
			buildSettings = {
				ALWAYS_SEARCH_USER_PATHS = NO;
				CLANG_CXX_LANGUAGE_STANDARD = "gnu++0x";
				CLANG_CXX_LIBRARY = "libc++";
				CLANG_ENABLE_MODULES = YES;
				CLANG_ENABLE_OBJC_ARC = YES;
				CLANG_WARN_BOOL_CONVERSION = YES;
				CLANG_WARN_CONSTANT_CONVERSION = YES;
				CLANG_WARN_DIRECT_OBJC_ISA_USAGE = YES_ERROR;
				CLANG_WARN_EMPTY_BODY = YES;
				CLANG_WARN_ENUM_CONVERSION = YES;
				CLANG_WARN_INT_CONVERSION = YES;
				CLANG_WARN_OBJC_ROOT_CLASS = YES_ERROR;
				CLANG_WARN_UNREACHABLE_CODE = YES;
				CLANG_WARN__DUPLICATE_METHOD_MATCH = YES;
				"CODE_SIGN_IDENTITY[sdk=iphoneos*]" = "iPhone Developer";
				COPY_PHASE_STRIP = YES;
				ENABLE_NS_ASSERTIONS = NO;
				ENABLE_STRICT_OBJC_MSGSEND = YES;
				GCC_C_LANGUAGE_STANDARD = gnu99;
				GCC_WARN_64_TO_32_BIT_CONVERSION = YES;
				GCC_WARN_ABOUT_RETURN_TYPE = YES_ERROR;
				GCC_WARN_UNDECLARED_SELECTOR = YES;
				GCC_WARN_UNINITIALIZED_AUTOS = YES_AGGRESSIVE;
				GCC_WARN_UNUSED_FUNCTION = YES;
				GCC_WARN_UNUSED_VARIABLE = YES;
				IPHONEOS_DEPLOYMENT_TARGET = 8.1;
				MTL_ENABLE_DEBUG_INFO = NO;
				SDKROOT = iphoneos;
				VALIDATE_PRODUCT = YES;
			};
			name = Release;
		};
		6C39643A1A6F2939009CE15A /* Debug */ = {
			isa = XCBuildConfiguration;
			buildSettings = {
				ASSETCATALOG_COMPILER_APPICON_NAME = AppIcon;
				INFOPLIST_FILE = NamesToFaces/Info.plist;
				LD_RUNPATH_SEARCH_PATHS = "$(inherited) @executable_path/Frameworks";
				PRODUCT_NAME = "$(TARGET_NAME)";
			};
			name = Debug;
		};
		6C39643B1A6F2939009CE15A /* Release */ = {
			isa = XCBuildConfiguration;
			buildSettings = {
				ASSETCATALOG_COMPILER_APPICON_NAME = AppIcon;
				INFOPLIST_FILE = NamesToFaces/Info.plist;
				LD_RUNPATH_SEARCH_PATHS = "$(inherited) @executable_path/Frameworks";
				PRODUCT_NAME = "$(TARGET_NAME)";
			};
			name = Release;
		};
		6C39643D1A6F2939009CE15A /* Debug */ = {
			isa = XCBuildConfiguration;
			buildSettings = {
				BUNDLE_LOADER = "$(TEST_HOST)";
				FRAMEWORK_SEARCH_PATHS = (
					"$(SDKROOT)/Developer/Library/Frameworks",
					"$(inherited)",
				);
				GCC_PREPROCESSOR_DEFINITIONS = (
					"DEBUG=1",
					"$(inherited)",
				);
				INFOPLIST_FILE = NamesToFacesTests/Info.plist;
				LD_RUNPATH_SEARCH_PATHS = "$(inherited) @executable_path/Frameworks @loader_path/Frameworks";
				PRODUCT_NAME = "$(TARGET_NAME)";
				TEST_HOST = "$(BUILT_PRODUCTS_DIR)/NamesToFaces.app/NamesToFaces";
			};
			name = Debug;
		};
		6C39643E1A6F2939009CE15A /* Release */ = {
			isa = XCBuildConfiguration;
			buildSettings = {
				BUNDLE_LOADER = "$(TEST_HOST)";
				FRAMEWORK_SEARCH_PATHS = (
					"$(SDKROOT)/Developer/Library/Frameworks",
					"$(inherited)",
				);
				INFOPLIST_FILE = NamesToFacesTests/Info.plist;
				LD_RUNPATH_SEARCH_PATHS = "$(inherited) @executable_path/Frameworks @loader_path/Frameworks";
				PRODUCT_NAME = "$(TARGET_NAME)";
				TEST_HOST = "$(BUILT_PRODUCTS_DIR)/NamesToFaces.app/NamesToFaces";
			};
			name = Release;
		};
/* End XCBuildConfiguration section */

/* Begin XCConfigurationList section */
		6C3964151A6F2939009CE15A /* Build configuration list for PBXProject "NamesToFaces" */ = {
			isa = XCConfigurationList;
			buildConfigurations = (
				6C3964371A6F2939009CE15A /* Debug */,
				6C3964381A6F2939009CE15A /* Release */,
			);
			defaultConfigurationIsVisible = 0;
			defaultConfigurationName = Release;
		};
		6C3964391A6F2939009CE15A /* Build configuration list for PBXNativeTarget "NamesToFaces" */ = {
			isa = XCConfigurationList;
			buildConfigurations = (
				6C39643A1A6F2939009CE15A /* Debug */,
				6C39643B1A6F2939009CE15A /* Release */,
			);
			defaultConfigurationIsVisible = 0;
			defaultConfigurationName = Release;
		};
		6C39643C1A6F2939009CE15A /* Build configuration list for PBXNativeTarget "NamesToFacesTests" */ = {
			isa = XCConfigurationList;
			buildConfigurations = (
				6C39643D1A6F2939009CE15A /* Debug */,
				6C39643E1A6F2939009CE15A /* Release */,
			);
			defaultConfigurationIsVisible = 0;
			defaultConfigurationName = Release;
		};
/* End XCConfigurationList section */
	};
	rootObject = 6C3964121A6F2939009CE15A /* Project object */;
}
