// !$*UTF8*$!
{
	archiveVersion = 1;
	classes = {
	};
	objectVersion = 46;
	objects = {

/* Begin PBXBuildFile section */
		6CAACBD91A757657005235B4 /* AppDelegate.swift in Sources */ = {isa = PBXBuildFile; fileRef = 6CAACBD81A757657005235B4 /* AppDelegate.swift */; };
		6CAACBDB1A757657005235B4 /* ViewController.swift in Sources */ = {isa = PBXBuildFile; fileRef = 6CAACBDA1A757657005235B4 /* ViewController.swift */; };
		6CAACBDE1A757657005235B4 /* Main.storyboard in Resources */ = {isa = PBXBuildFile; fileRef = 6CAACBDC1A757657005235B4 /* Main.storyboard */; };
		6CAACBE01A757657005235B4 /* Images.xcassets in Resources */ = {isa = PBXBuildFile; fileRef = 6CAACBDF1A757657005235B4 /* Images.xcassets */; };
		6CAACBE31A757657005235B4 /* LaunchScreen.xib in Resources */ = {isa = PBXBuildFile; fileRef = 6CAACBE11A757657005235B4 /* LaunchScreen.xib */; };
		6CAACBEF1A757657005235B4 /* InstafilterTests.swift in Sources */ = {isa = PBXBuildFile; fileRef = 6CAACBEE1A757657005235B4 /* InstafilterTests.swift */; };
/* End PBXBuildFile section */

/* Begin PBXContainerItemProxy section */
		6CAACBE91A757657005235B4 /* PBXContainerItemProxy */ = {
			isa = PBXContainerItemProxy;
			containerPortal = 6CAACBCB1A757657005235B4 /* Project object */;
			proxyType = 1;
			remoteGlobalIDString = 6CAACBD21A757657005235B4;
			remoteInfo = Instafilter;
		};
/* End PBXContainerItemProxy section */

/* Begin PBXFileReference section */
		6CAACBD31A757657005235B4 /* Instafilter.app */ = {isa = PBXFileReference; explicitFileType = wrapper.application; includeInIndex = 0; path = Instafilter.app; sourceTree = BUILT_PRODUCTS_DIR; };
		6CAACBD71A757657005235B4 /* Info.plist */ = {isa = PBXFileReference; lastKnownFileType = text.plist.xml; path = Info.plist; sourceTree = "<group>"; };
		6CAACBD81A757657005235B4 /* AppDelegate.swift */ = {isa = PBXFileReference; lastKnownFileType = sourcecode.swift; path = AppDelegate.swift; sourceTree = "<group>"; };
		6CAACBDA1A757657005235B4 /* ViewController.swift */ = {isa = PBXFileReference; lastKnownFileType = sourcecode.swift; path = ViewController.swift; sourceTree = "<group>"; };
		6CAACBDD1A757657005235B4 /* Base */ = {isa = PBXFileReference; lastKnownFileType = file.storyboard; name = Base; path = Base.lproj/Main.storyboard; sourceTree = "<group>"; };
		6CAACBDF1A757657005235B4 /* Images.xcassets */ = {isa = PBXFileReference; lastKnownFileType = folder.assetcatalog; path = Images.xcassets; sourceTree = "<group>"; };
		6CAACBE21A757657005235B4 /* Base */ = {isa = PBXFileReference; lastKnownFileType = file.xib; name = Base; path = Base.lproj/LaunchScreen.xib; sourceTree = "<group>"; };
		6CAACBE81A757657005235B4 /* InstafilterTests.xctest */ = {isa = PBXFileReference; explicitFileType = wrapper.cfbundle; includeInIndex = 0; path = InstafilterTests.xctest; sourceTree = BUILT_PRODUCTS_DIR; };
		6CAACBED1A757657005235B4 /* Info.plist */ = {isa = PBXFileReference; lastKnownFileType = text.plist.xml; path = Info.plist; sourceTree = "<group>"; };
		6CAACBEE1A757657005235B4 /* InstafilterTests.swift */ = {isa = PBXFileReference; lastKnownFileType = sourcecode.swift; path = InstafilterTests.swift; sourceTree = "<group>"; };
/* End PBXFileReference section */

/* Begin PBXFrameworksBuildPhase section */
		6CAACBD01A757657005235B4 /* Frameworks */ = {
			isa = PBXFrameworksBuildPhase;
			buildActionMask = 2147483647;
			files = (
			);
			runOnlyForDeploymentPostprocessing = 0;
		};
		6CAACBE51A757657005235B4 /* Frameworks */ = {
			isa = PBXFrameworksBuildPhase;
			buildActionMask = 2147483647;
			files = (
			);
			runOnlyForDeploymentPostprocessing = 0;
		};
/* End PBXFrameworksBuildPhase section */

/* Begin PBXGroup section */
		6CAACBCA1A757657005235B4 = {
			isa = PBXGroup;
			children = (
				6CAACBD51A757657005235B4 /* Instafilter */,
				6CAACBEB1A757657005235B4 /* InstafilterTests */,
				6CAACBD41A757657005235B4 /* Products */,
			);
			sourceTree = "<group>";
		};
		6CAACBD41A757657005235B4 /* Products */ = {
			isa = PBXGroup;
			children = (
				6CAACBD31A757657005235B4 /* Instafilter.app */,
				6CAACBE81A757657005235B4 /* InstafilterTests.xctest */,
			);
			name = Products;
			sourceTree = "<group>";
		};
		6CAACBD51A757657005235B4 /* Instafilter */ = {
			isa = PBXGroup;
			children = (
				6CAACBD81A757657005235B4 /* AppDelegate.swift */,
				6CAACBDA1A757657005235B4 /* ViewController.swift */,
				6CAACBDC1A757657005235B4 /* Main.storyboard */,
				6CAACBDF1A757657005235B4 /* Images.xcassets */,
				6CAACBE11A757657005235B4 /* LaunchScreen.xib */,
				6CAACBD61A757657005235B4 /* Supporting Files */,
			);
			path = Instafilter;
			sourceTree = "<group>";
		};
		6CAACBD61A757657005235B4 /* Supporting Files */ = {
			isa = PBXGroup;
			children = (
				6CAACBD71A757657005235B4 /* Info.plist */,
			);
			name = "Supporting Files";
			sourceTree = "<group>";
		};
		6CAACBEB1A757657005235B4 /* InstafilterTests */ = {
			isa = PBXGroup;
			children = (
				6CAACBEE1A757657005235B4 /* InstafilterTests.swift */,
				6CAACBEC1A757657005235B4 /* Supporting Files */,
			);
			path = InstafilterTests;
			sourceTree = "<group>";
		};
		6CAACBEC1A757657005235B4 /* Supporting Files */ = {
			isa = PBXGroup;
			children = (
				6CAACBED1A757657005235B4 /* Info.plist */,
			);
			name = "Supporting Files";
			sourceTree = "<group>";
		};
/* End PBXGroup section */

/* Begin PBXNativeTarget section */
		6CAACBD21A757657005235B4 /* Instafilter */ = {
			isa = PBXNativeTarget;
			buildConfigurationList = 6CAACBF21A757657005235B4 /* Build configuration list for PBXNativeTarget "Instafilter" */;
			buildPhases = (
				6CAACBCF1A757657005235B4 /* Sources */,
				6CAACBD01A757657005235B4 /* Frameworks */,
				6CAACBD11A757657005235B4 /* Resources */,
			);
			buildRules = (
			);
			dependencies = (
			);
			name = Instafilter;
			productName = Instafilter;
			productReference = 6CAACBD31A757657005235B4 /* Instafilter.app */;
			productType = "com.apple.product-type.application";
		};
		6CAACBE71A757657005235B4 /* InstafilterTests */ = {
			isa = PBXNativeTarget;
			buildConfigurationList = 6CAACBF51A757657005235B4 /* Build configuration list for PBXNativeTarget "InstafilterTests" */;
			buildPhases = (
				6CAACBE41A757657005235B4 /* Sources */,
				6CAACBE51A757657005235B4 /* Frameworks */,
				6CAACBE61A757657005235B4 /* Resources */,
			);
			buildRules = (
			);
			dependencies = (
				6CAACBEA1A757657005235B4 /* PBXTargetDependency */,
			);
			name = InstafilterTests;
			productName = InstafilterTests;
			productReference = 6CAACBE81A757657005235B4 /* InstafilterTests.xctest */;
			productType = "com.apple.product-type.bundle.unit-test";
		};
/* End PBXNativeTarget section */

/* Begin PBXProject section */
		6CAACBCB1A757657005235B4 /* Project object */ = {
			isa = PBXProject;
			attributes = {
				LastUpgradeCheck = 0610;
				ORGANIZATIONNAME = ddApps;
				TargetAttributes = {
					6CAACBD21A757657005235B4 = {
						CreatedOnToolsVersion = 6.1.1;
					};
					6CAACBE71A757657005235B4 = {
						CreatedOnToolsVersion = 6.1.1;
						TestTargetID = 6CAACBD21A757657005235B4;
					};
				};
			};
			buildConfigurationList = 6CAACBCE1A757657005235B4 /* Build configuration list for PBXProject "Instafilter" */;
			compatibilityVersion = "Xcode 3.2";
			developmentRegion = English;
			hasScannedForEncodings = 0;
			knownRegions = (
				en,
				Base,
			);
			mainGroup = 6CAACBCA1A757657005235B4;
			productRefGroup = 6CAACBD41A757657005235B4 /* Products */;
			projectDirPath = "";
			projectRoot = "";
			targets = (
				6CAACBD21A757657005235B4 /* Instafilter */,
				6CAACBE71A757657005235B4 /* InstafilterTests */,
			);
		};
/* End PBXProject section */

/* Begin PBXResourcesBuildPhase section */
		6CAACBD11A757657005235B4 /* Resources */ = {
			isa = PBXResourcesBuildPhase;
			buildActionMask = 2147483647;
			files = (
				6CAACBDE1A757657005235B4 /* Main.storyboard in Resources */,
				6CAACBE31A757657005235B4 /* LaunchScreen.xib in Resources */,
				6CAACBE01A757657005235B4 /* Images.xcassets in Resources */,
			);
			runOnlyForDeploymentPostprocessing = 0;
		};
		6CAACBE61A757657005235B4 /* Resources */ = {
			isa = PBXResourcesBuildPhase;
			buildActionMask = 2147483647;
			files = (
			);
			runOnlyForDeploymentPostprocessing = 0;
		};
/* End PBXResourcesBuildPhase section */

/* Begin PBXSourcesBuildPhase section */
		6CAACBCF1A757657005235B4 /* Sources */ = {
			isa = PBXSourcesBuildPhase;
			buildActionMask = 2147483647;
			files = (
				6CAACBDB1A757657005235B4 /* ViewController.swift in Sources */,
				6CAACBD91A757657005235B4 /* AppDelegate.swift in Sources */,
			);
			runOnlyForDeploymentPostprocessing = 0;
		};
		6CAACBE41A757657005235B4 /* Sources */ = {
			isa = PBXSourcesBuildPhase;
			buildActionMask = 2147483647;
			files = (
				6CAACBEF1A757657005235B4 /* InstafilterTests.swift in Sources */,
			);
			runOnlyForDeploymentPostprocessing = 0;
		};
/* End PBXSourcesBuildPhase section */

/* Begin PBXTargetDependency section */
		6CAACBEA1A757657005235B4 /* PBXTargetDependency */ = {
			isa = PBXTargetDependency;
			target = 6CAACBD21A757657005235B4 /* Instafilter */;
			targetProxy = 6CAACBE91A757657005235B4 /* PBXContainerItemProxy */;
		};
/* End PBXTargetDependency section */

/* Begin PBXVariantGroup section */
		6CAACBDC1A757657005235B4 /* Main.storyboard */ = {
			isa = PBXVariantGroup;
			children = (
				6CAACBDD1A757657005235B4 /* Base */,
			);
			name = Main.storyboard;
			sourceTree = "<group>";
		};
		6CAACBE11A757657005235B4 /* LaunchScreen.xib */ = {
			isa = PBXVariantGroup;
			children = (
				6CAACBE21A757657005235B4 /* Base */,
			);
			name = LaunchScreen.xib;
			sourceTree = "<group>";
		};
/* End PBXVariantGroup section */

/* Begin XCBuildConfiguration section */
		6CAACBF01A757657005235B4 /* Debug */ = {
			isa = XCBuildConfiguration;
			buildSettings = {
				ALWAYS_SEARCH_USER_PATHS = NO;
				CLANG_CXX_LANGUAGE_STANDARD = "gnu++0x";
				CLANG_CXX_LIBRARY = "libc++";
				CLANG_ENABLE_MODULES = YES;
				CLANG_ENABLE_OBJC_ARC = YES;
				CLANG_WARN_BOOL_CONVERSION = YES;
				CLANG_WARN_CONSTANT_CONVERSION = YES;
				CLANG_WARN_DIRECT_OBJC_ISA_USAGE = YES_ERROR;
				CLANG_WARN_EMPTY_BODY = YES;
				CLANG_WARN_ENUM_CONVERSION = YES;
				CLANG_WARN_INT_CONVERSION = YES;
				CLANG_WARN_OBJC_ROOT_CLASS = YES_ERROR;
				CLANG_WARN_UNREACHABLE_CODE = YES;
				CLANG_WARN__DUPLICATE_METHOD_MATCH = YES;
				"CODE_SIGN_IDENTITY[sdk=iphoneos*]" = "iPhone Developer";
				COPY_PHASE_STRIP = NO;
				ENABLE_STRICT_OBJC_MSGSEND = YES;
				GCC_C_LANGUAGE_STANDARD = gnu99;
				GCC_DYNAMIC_NO_PIC = NO;
				GCC_OPTIMIZATION_LEVEL = 0;
				GCC_PREPROCESSOR_DEFINITIONS = (
					"DEBUG=1",
					"$(inherited)",
				);
				GCC_SYMBOLS_PRIVATE_EXTERN = NO;
				GCC_WARN_64_TO_32_BIT_CONVERSION = YES;
				GCC_WARN_ABOUT_RETURN_TYPE = YES_ERROR;
				GCC_WARN_UNDECLARED_SELECTOR = YES;
				GCC_WARN_UNINITIALIZED_AUTOS = YES_AGGRESSIVE;
				GCC_WARN_UNUSED_FUNCTION = YES;
				GCC_WARN_UNUSED_VARIABLE = YES;
				IPHONEOS_DEPLOYMENT_TARGET = 8.1;
				MTL_ENABLE_DEBUG_INFO = YES;
				ONLY_ACTIVE_ARCH = YES;
				SDKROOT = iphoneos;
				SWIFT_OPTIMIZATION_LEVEL = "-Onone";
			};
			name = Debug;
		};
		6CAACBF11A757657005235B4 /* Release */ = {
			isa = XCBuildConfiguration;
			buildSettings = {
				ALWAYS_SEARCH_USER_PATHS = NO;
				CLANG_CXX_LANGUAGE_STANDARD = "gnu++0x";
				CLANG_CXX_LIBRARY = "libc++";
				CLANG_ENABLE_MODULES = YES;
				CLANG_ENABLE_OBJC_ARC = YES;
				CLANG_WARN_BOOL_CONVERSION = YES;
				CLANG_WARN_CONSTANT_CONVERSION = YES;
				CLANG_WARN_DIRECT_OBJC_ISA_USAGE = YES_ERROR;
				CLANG_WARN_EMPTY_BODY = YES;
				CLANG_WARN_ENUM_CONVERSION = YES;
				CLANG_WARN_INT_CONVERSION = YES;
				CLANG_WARN_OBJC_ROOT_CLASS = YES_ERROR;
				CLANG_WARN_UNREACHABLE_CODE = YES;
				CLANG_WARN__DUPLICATE_METHOD_MATCH = YES;
				"CODE_SIGN_IDENTITY[sdk=iphoneos*]" = "iPhone Developer";
				COPY_PHASE_STRIP = YES;
				ENABLE_NS_ASSERTIONS = NO;
				ENABLE_STRICT_OBJC_MSGSEND = YES;
				GCC_C_LANGUAGE_STANDARD = gnu99;
				GCC_WARN_64_TO_32_BIT_CONVERSION = YES;
				GCC_WARN_ABOUT_RETURN_TYPE = YES_ERROR;
				GCC_WARN_UNDECLARED_SELECTOR = YES;
				GCC_WARN_UNINITIALIZED_AUTOS = YES_AGGRESSIVE;
				GCC_WARN_UNUSED_FUNCTION = YES;
				GCC_WARN_UNUSED_VARIABLE = YES;
				IPHONEOS_DEPLOYMENT_TARGET = 8.1;
				MTL_ENABLE_DEBUG_INFO = NO;
				SDKROOT = iphoneos;
				VALIDATE_PRODUCT = YES;
			};
			name = Release;
		};
		6CAACBF31A757657005235B4 /* Debug */ = {
			isa = XCBuildConfiguration;
			buildSettings = {
				ASSETCATALOG_COMPILER_APPICON_NAME = AppIcon;
				INFOPLIST_FILE = Instafilter/Info.plist;
				LD_RUNPATH_SEARCH_PATHS = "$(inherited) @executable_path/Frameworks";
				PRODUCT_NAME = "$(TARGET_NAME)";
			};
			name = Debug;
		};
		6CAACBF41A757657005235B4 /* Release */ = {
			isa = XCBuildConfiguration;
			buildSettings = {
				ASSETCATALOG_COMPILER_APPICON_NAME = AppIcon;
				INFOPLIST_FILE = Instafilter/Info.plist;
				LD_RUNPATH_SEARCH_PATHS = "$(inherited) @executable_path/Frameworks";
				PRODUCT_NAME = "$(TARGET_NAME)";
			};
			name = Release;
		};
		6CAACBF61A757657005235B4 /* Debug */ = {
			isa = XCBuildConfiguration;
			buildSettings = {
				BUNDLE_LOADER = "$(TEST_HOST)";
				FRAMEWORK_SEARCH_PATHS = (
					"$(SDKROOT)/Developer/Library/Frameworks",
					"$(inherited)",
				);
				GCC_PREPROCESSOR_DEFINITIONS = (
					"DEBUG=1",
					"$(inherited)",
				);
				INFOPLIST_FILE = InstafilterTests/Info.plist;
				LD_RUNPATH_SEARCH_PATHS = "$(inherited) @executable_path/Frameworks @loader_path/Frameworks";
				PRODUCT_NAME = "$(TARGET_NAME)";
				TEST_HOST = "$(BUILT_PRODUCTS_DIR)/Instafilter.app/Instafilter";
			};
			name = Debug;
		};
		6CAACBF71A757657005235B4 /* Release */ = {
			isa = XCBuildConfiguration;
			buildSettings = {
				BUNDLE_LOADER = "$(TEST_HOST)";
				FRAMEWORK_SEARCH_PATHS = (
					"$(SDKROOT)/Developer/Library/Frameworks",
					"$(inherited)",
				);
				INFOPLIST_FILE = InstafilterTests/Info.plist;
				LD_RUNPATH_SEARCH_PATHS = "$(inherited) @executable_path/Frameworks @loader_path/Frameworks";
				PRODUCT_NAME = "$(TARGET_NAME)";
				TEST_HOST = "$(BUILT_PRODUCTS_DIR)/Instafilter.app/Instafilter";
			};
			name = Release;
		};
/* End XCBuildConfiguration section */

/* Begin XCConfigurationList section */
		6CAACBCE1A757657005235B4 /* Build configuration list for PBXProject "Instafilter" */ = {
			isa = XCConfigurationList;
			buildConfigurations = (
				6CAACBF01A757657005235B4 /* Debug */,
				6CAACBF11A757657005235B4 /* Release */,
			);
			defaultConfigurationIsVisible = 0;
			defaultConfigurationName = Release;
		};
		6CAACBF21A757657005235B4 /* Build configuration list for PBXNativeTarget "Instafilter" */ = {
			isa = XCConfigurationList;
			buildConfigurations = (
				6CAACBF31A757657005235B4 /* Debug */,
				6CAACBF41A757657005235B4 /* Release */,
			);
			defaultConfigurationIsVisible = 0;
		};
		6CAACBF51A757657005235B4 /* Build configuration list for PBXNativeTarget "InstafilterTests" */ = {
			isa = XCConfigurationList;
			buildConfigurations = (
				6CAACBF61A757657005235B4 /* Debug */,
				6CAACBF71A757657005235B4 /* Release */,
			);
			defaultConfigurationIsVisible = 0;
		};
/* End XCConfigurationList section */
	};
	rootObject = 6CAACBCB1A757657005235B4 /* Project object */;
}
